
Microsoft Visual Studio Solution File, Format Version 12.00
# Visual Studio Version 16
VisualStudioVersion = 16.0.28729.10
MinimumVisualStudioVersion = 10.0.40219.1
Project("{FAE04EC0-301F-11D3-BF4B-00C04F79EFBC}") = "YAPA", "YAPA\YAPA.csproj", "{D6C90A63-BF09-4BD8-B86C-92CBBC1EB917}"
	ProjectSection(ProjectDependencies) = postProject
		{3CB19C81-CF0D-466B-9CD6-13FA90CE1329} = {3CB19C81-CF0D-466B-9CD6-13FA90CE1329}
	EndProjectSection
EndProject
Project("{2150E333-8FDC-42A3-9474-1A3956D46DE8}") = ".nuget", ".nuget", "{5A521D07-7B08-4AB7-A9EF-FC6C3FD2DF35}"
	ProjectSection(SolutionItems) = preProject
		.nuget\NuGet.Config = .nuget\NuGet.Config
		.nuget\NuGet.exe = .nuget\NuGet.exe
		.nuget\NuGet.targets = .nuget\NuGet.targets
	EndProjectSection
EndProject
Project("{FAE04EC0-301F-11D3-BF4B-00C04F79EFBC}") = "YAPA.WPF.Shared", "YAPA.WPF.Shared\YAPA.WPF.Shared.csproj", "{3C26FD01-08D3-4192-BBB3-778D9D7692D4}"
EndProject
Project("{FAE04EC0-301F-11D3-BF4B-00C04F79EFBC}") = "YAPA.WPF.StarterTheme", "YAPA.WPF.StarterTheme\YAPA.WPF.StarterTheme.csproj", "{E8A13C9C-F756-4FCE-B6E7-42E9E5D998CF}"
EndProject
Project("{FAE04EC0-301F-11D3-BF4B-00C04F79EFBC}") = "YAPA.WPF.Themes", "YAPA.WPF.Themes\YAPA.WPF.Themes.csproj", "{3CB19C81-CF0D-466B-9CD6-13FA90CE1329}"
EndProject
Project("{9A19103F-16F7-4668-BE54-9A1E7A4F7556}") = "YAPA.Shared.Tests", "YAPA.Shared.Tests\YAPA.Shared.Tests.csproj", "{2B573B1F-2850-4535-A264-D30950BB0258}"
EndProject
Project("{9A19103F-16F7-4668-BE54-9A1E7A4F7556}") = "YAPA.Shared", "Yapa.Shared\YAPA.Shared.csproj", "{E7B67CDC-3D67-40DB-8BA8-6B3D0D99EBFC}"
EndProject
Project("{FAE04EC0-301F-11D3-BF4B-00C04F79EFBC}") = "YAPA.WPF.Themes.Motivational", "YAPA.WPF.MotivationalTheme\YAPA.WPF.Themes.Motivational.csproj", "{C1FACD37-C92E-4339-9C02-D3A5BE430D02}"
EndProject
Global
	GlobalSection(SolutionConfigurationPlatforms) = preSolution
		CD_ROM|Any CPU = CD_ROM|Any CPU
		Debug|Any CPU = Debug|Any CPU
		DVD-5|Any CPU = DVD-5|Any CPU
		Release|Any CPU = Release|Any CPU
		SingleImage|Any CPU = SingleImage|Any CPU
	EndGlobalSection
	GlobalSection(ProjectConfigurationPlatforms) = postSolution
		{D6C90A63-BF09-4BD8-B86C-92CBBC1EB917}.CD_ROM|Any CPU.ActiveCfg = Release|Any CPU
		{D6C90A63-BF09-4BD8-B86C-92CBBC1EB917}.CD_ROM|Any CPU.Build.0 = Release|Any CPU
		{D6C90A63-BF09-4BD8-B86C-92CBBC1EB917}.Debug|Any CPU.ActiveCfg = Debug|Any CPU
		{D6C90A63-BF09-4BD8-B86C-92CBBC1EB917}.Debug|Any CPU.Build.0 = Debug|Any CPU
		{D6C90A63-BF09-4BD8-B86C-92CBBC1EB917}.DVD-5|Any CPU.ActiveCfg = Debug|Any CPU
		{D6C90A63-BF09-4BD8-B86C-92CBBC1EB917}.DVD-5|Any CPU.Build.0 = Debug|Any CPU
		{D6C90A63-BF09-4BD8-B86C-92CBBC1EB917}.Release|Any CPU.ActiveCfg = Release|Any CPU
		{D6C90A63-BF09-4BD8-B86C-92CBBC1EB917}.Release|Any CPU.Build.0 = Release|Any CPU
		{D6C90A63-BF09-4BD8-B86C-92CBBC1EB917}.SingleImage|Any CPU.ActiveCfg = Release|Any CPU
		{D6C90A63-BF09-4BD8-B86C-92CBBC1EB917}.SingleImage|Any CPU.Build.0 = Release|Any CPU
		{3C26FD01-08D3-4192-BBB3-778D9D7692D4}.CD_ROM|Any CPU.ActiveCfg = Release|Any CPU
		{3C26FD01-08D3-4192-BBB3-778D9D7692D4}.CD_ROM|Any CPU.Build.0 = Release|Any CPU
		{3C26FD01-08D3-4192-BBB3-778D9D7692D4}.Debug|Any CPU.ActiveCfg = Debug|Any CPU
		{3C26FD01-08D3-4192-BBB3-778D9D7692D4}.Debug|Any CPU.Build.0 = Debug|Any CPU
		{3C26FD01-08D3-4192-BBB3-778D9D7692D4}.DVD-5|Any CPU.ActiveCfg = Debug|Any CPU
		{3C26FD01-08D3-4192-BBB3-778D9D7692D4}.DVD-5|Any CPU.Build.0 = Debug|Any CPU
		{3C26FD01-08D3-4192-BBB3-778D9D7692D4}.Release|Any CPU.ActiveCfg = Release|Any CPU
		{3C26FD01-08D3-4192-BBB3-778D9D7692D4}.Release|Any CPU.Build.0 = Release|Any CPU
		{3C26FD01-08D3-4192-BBB3-778D9D7692D4}.SingleImage|Any CPU.ActiveCfg = Release|Any CPU
		{3C26FD01-08D3-4192-BBB3-778D9D7692D4}.SingleImage|Any CPU.Build.0 = Release|Any CPU
		{E8A13C9C-F756-4FCE-B6E7-42E9E5D998CF}.CD_ROM|Any CPU.ActiveCfg = Release|Any CPU
		{E8A13C9C-F756-4FCE-B6E7-42E9E5D998CF}.CD_ROM|Any CPU.Build.0 = Release|Any CPU
		{E8A13C9C-F756-4FCE-B6E7-42E9E5D998CF}.Debug|Any CPU.ActiveCfg = Debug|Any CPU
		{E8A13C9C-F756-4FCE-B6E7-42E9E5D998CF}.Debug|Any CPU.Build.0 = Debug|Any CPU
		{E8A13C9C-F756-4FCE-B6E7-42E9E5D998CF}.DVD-5|Any CPU.ActiveCfg = Debug|Any CPU
		{E8A13C9C-F756-4FCE-B6E7-42E9E5D998CF}.DVD-5|Any CPU.Build.0 = Debug|Any CPU
		{E8A13C9C-F756-4FCE-B6E7-42E9E5D998CF}.Release|Any CPU.ActiveCfg = Release|Any CPU
		{E8A13C9C-F756-4FCE-B6E7-42E9E5D998CF}.Release|Any CPU.Build.0 = Release|Any CPU
		{E8A13C9C-F756-4FCE-B6E7-42E9E5D998CF}.SingleImage|Any CPU.ActiveCfg = Release|Any CPU
		{E8A13C9C-F756-4FCE-B6E7-42E9E5D998CF}.SingleImage|Any CPU.Build.0 = Release|Any CPU
		{3CB19C81-CF0D-466B-9CD6-13FA90CE1329}.CD_ROM|Any CPU.ActiveCfg = Release|Any CPU
		{3CB19C81-CF0D-466B-9CD6-13FA90CE1329}.CD_ROM|Any CPU.Build.0 = Release|Any CPU
		{3CB19C81-CF0D-466B-9CD6-13FA90CE1329}.Debug|Any CPU.ActiveCfg = Debug|Any CPU
		{3CB19C81-CF0D-466B-9CD6-13FA90CE1329}.Debug|Any CPU.Build.0 = Debug|Any CPU
		{3CB19C81-CF0D-466B-9CD6-13FA90CE1329}.DVD-5|Any CPU.ActiveCfg = Debug|Any CPU
		{3CB19C81-CF0D-466B-9CD6-13FA90CE1329}.DVD-5|Any CPU.Build.0 = Debug|Any CPU
		{3CB19C81-CF0D-466B-9CD6-13FA90CE1329}.Release|Any CPU.ActiveCfg = Release|Any CPU
		{3CB19C81-CF0D-466B-9CD6-13FA90CE1329}.Release|Any CPU.Build.0 = Release|Any CPU
		{3CB19C81-CF0D-466B-9CD6-13FA90CE1329}.SingleImage|Any CPU.ActiveCfg = Release|Any CPU
		{3CB19C81-CF0D-466B-9CD6-13FA90CE1329}.SingleImage|Any CPU.Build.0 = Release|Any CPU
		{2B573B1F-2850-4535-A264-D30950BB0258}.CD_ROM|Any CPU.ActiveCfg = Debug|Any CPU
		{2B573B1F-2850-4535-A264-D30950BB0258}.CD_ROM|Any CPU.Build.0 = Debug|Any CPU
		{2B573B1F-2850-4535-A264-D30950BB0258}.Debug|Any CPU.ActiveCfg = Debug|Any CPU
		{2B573B1F-2850-4535-A264-D30950BB0258}.Debug|Any CPU.Build.0 = Debug|Any CPU
		{2B573B1F-2850-4535-A264-D30950BB0258}.DVD-5|Any CPU.ActiveCfg = Debug|Any CPU
		{2B573B1F-2850-4535-A264-D30950BB0258}.DVD-5|Any CPU.Build.0 = Debug|Any CPU
		{2B573B1F-2850-4535-A264-D30950BB0258}.Release|Any CPU.ActiveCfg = Release|Any CPU
		{2B573B1F-2850-4535-A264-D30950BB0258}.Release|Any CPU.Build.0 = Release|Any CPU
		{2B573B1F-2850-4535-A264-D30950BB0258}.SingleImage|Any CPU.ActiveCfg = Debug|Any CPU
		{2B573B1F-2850-4535-A264-D30950BB0258}.SingleImage|Any CPU.Build.0 = Debug|Any CPU
		{E7B67CDC-3D67-40DB-8BA8-6B3D0D99EBFC}.CD_ROM|Any CPU.ActiveCfg = Debug|Any CPU
		{E7B67CDC-3D67-40DB-8BA8-6B3D0D99EBFC}.CD_ROM|Any CPU.Build.0 = Debug|Any CPU
		{E7B67CDC-3D67-40DB-8BA8-6B3D0D99EBFC}.Debug|Any CPU.ActiveCfg = Debug|Any CPU
		{E7B67CDC-3D67-40DB-8BA8-6B3D0D99EBFC}.Debug|Any CPU.Build.0 = Debug|Any CPU
		{E7B67CDC-3D67-40DB-8BA8-6B3D0D99EBFC}.DVD-5|Any CPU.ActiveCfg = Debug|Any CPU
		{E7B67CDC-3D67-40DB-8BA8-6B3D0D99EBFC}.DVD-5|Any CPU.Build.0 = Debug|Any CPU
		{E7B67CDC-3D67-40DB-8BA8-6B3D0D99EBFC}.Release|Any CPU.ActiveCfg = Release|Any CPU
		{E7B67CDC-3D67-40DB-8BA8-6B3D0D99EBFC}.Release|Any CPU.Build.0 = Release|Any CPU
		{E7B67CDC-3D67-40DB-8BA8-6B3D0D99EBFC}.SingleImage|Any CPU.ActiveCfg = Debug|Any CPU
		{E7B67CDC-3D67-40DB-8BA8-6B3D0D99EBFC}.SingleImage|Any CPU.Build.0 = Debug|Any CPU
		{C1FACD37-C92E-4339-9C02-D3A5BE430D02}.CD_ROM|Any CPU.ActiveCfg = Release|Any CPU
		{C1FACD37-C92E-4339-9C02-D3A5BE430D02}.CD_ROM|Any CPU.Build.0 = Release|Any CPU
		{C1FACD37-C92E-4339-9C02-D3A5BE430D02}.Debug|Any CPU.ActiveCfg = Debug|Any CPU
		{C1FACD37-C92E-4339-9C02-D3A5BE430D02}.Debug|Any CPU.Build.0 = Debug|Any CPU
		{C1FACD37-C92E-4339-9C02-D3A5BE430D02}.DVD-5|Any CPU.ActiveCfg = Debug|Any CPU
		{C1FACD37-C92E-4339-9C02-D3A5BE430D02}.DVD-5|Any CPU.Build.0 = Debug|Any CPU
		{C1FACD37-C92E-4339-9C02-D3A5BE430D02}.Release|Any CPU.ActiveCfg = Release|Any CPU
		{C1FACD37-C92E-4339-9C02-D3A5BE430D02}.Release|Any CPU.Build.0 = Release|Any CPU
		{C1FACD37-C92E-4339-9C02-D3A5BE430D02}.SingleImage|Any CPU.ActiveCfg = Release|Any CPU
		{C1FACD37-C92E-4339-9C02-D3A5BE430D02}.SingleImage|Any CPU.Build.0 = Release|Any CPU
	EndGlobalSection
	GlobalSection(SolutionProperties) = preSolution
		HideSolutionNode = FALSE
	EndGlobalSection
	GlobalSection(ExtensibilityGlobals) = postSolution
		SolutionGuid = {2087D619-6102-4BC7-8F52-3EE513F2E494}
	EndGlobalSection
EndGlobal
